// !$*UTF8*$!
{
	archiveVersion = 1;
	classes = {
	};
	objectVersion = 50;
	objects = {

/* Begin PBXBuildFile section */
		7F35CC7819DDDD3484B66808 /* Pods_GoodList.framework in Frameworks */ = {isa = PBXBuildFile; fileRef = 62B06A3CB01770F8B2B2BA8E /* Pods_GoodList.framework */; };
		EFE2B4B22605C327001B8BF1 /* AppDelegate.swift in Sources */ = {isa = PBXBuildFile; fileRef = EFE2B4B12605C327001B8BF1 /* AppDelegate.swift */; };
		EFE2B4B42605C327001B8BF1 /* SceneDelegate.swift in Sources */ = {isa = PBXBuildFile; fileRef = EFE2B4B32605C327001B8BF1 /* SceneDelegate.swift */; };
		EFE2B4B62605C327001B8BF1 /* ViewController.swift in Sources */ = {isa = PBXBuildFile; fileRef = EFE2B4B52605C327001B8BF1 /* ViewController.swift */; };
		EFE2B4B92605C327001B8BF1 /* Main.storyboard in Resources */ = {isa = PBXBuildFile; fileRef = EFE2B4B72605C327001B8BF1 /* Main.storyboard */; };
		EFE2B4BB2605C327001B8BF1 /* Assets.xcassets in Resources */ = {isa = PBXBuildFile; fileRef = EFE2B4BA2605C327001B8BF1 /* Assets.xcassets */; };
		EFE2B4BE2605C327001B8BF1 /* LaunchScreen.storyboard in Resources */ = {isa = PBXBuildFile; fileRef = EFE2B4BC2605C327001B8BF1 /* LaunchScreen.storyboard */; };
		EFE2B4C82605C3D0001B8BF1 /* TaskListViewController.swift in Sources */ = {isa = PBXBuildFile; fileRef = EFE2B4C72605C3D0001B8BF1 /* TaskListViewController.swift */; };
		EFE2B4CB2605C6CD001B8BF1 /* AddTaskViewController.swift in Sources */ = {isa = PBXBuildFile; fileRef = EFE2B4CA2605C6CD001B8BF1 /* AddTaskViewController.swift */; };
		EFE2B4D02605D165001B8BF1 /* Task.swift in Sources */ = {isa = PBXBuildFile; fileRef = EFE2B4CF2605D165001B8BF1 /* Task.swift */; };
/* End PBXBuildFile section */

/* Begin PBXFileReference section */
		51C781AC1AA4020F26F62593 /* Pods-GoodList.debug.xcconfig */ = {isa = PBXFileReference; includeInIndex = 1; lastKnownFileType = text.xcconfig; name = "Pods-GoodList.debug.xcconfig"; path = "Target Support Files/Pods-GoodList/Pods-GoodList.debug.xcconfig"; sourceTree = "<group>"; };
		62B06A3CB01770F8B2B2BA8E /* Pods_GoodList.framework */ = {isa = PBXFileReference; explicitFileType = wrapper.framework; includeInIndex = 0; path = Pods_GoodList.framework; sourceTree = BUILT_PRODUCTS_DIR; };
		A68A2CA7F2957A9ECED6037F /* Pods-GoodList.release.xcconfig */ = {isa = PBXFileReference; includeInIndex = 1; lastKnownFileType = text.xcconfig; name = "Pods-GoodList.release.xcconfig"; path = "Target Support Files/Pods-GoodList/Pods-GoodList.release.xcconfig"; sourceTree = "<group>"; };
		EFE2B4AE2605C327001B8BF1 /* GoodList.app */ = {isa = PBXFileReference; explicitFileType = wrapper.application; includeInIndex = 0; path = GoodList.app; sourceTree = BUILT_PRODUCTS_DIR; };
		EFE2B4B12605C327001B8BF1 /* AppDelegate.swift */ = {isa = PBXFileReference; lastKnownFileType = sourcecode.swift; path = AppDelegate.swift; sourceTree = "<group>"; };
		EFE2B4B32605C327001B8BF1 /* SceneDelegate.swift */ = {isa = PBXFileReference; lastKnownFileType = sourcecode.swift; path = SceneDelegate.swift; sourceTree = "<group>"; };
		EFE2B4B52605C327001B8BF1 /* ViewController.swift */ = {isa = PBXFileReference; lastKnownFileType = sourcecode.swift; path = ViewController.swift; sourceTree = "<group>"; };
		EFE2B4B82605C327001B8BF1 /* Base */ = {isa = PBXFileReference; lastKnownFileType = file.storyboard; name = Base; path = Base.lproj/Main.storyboard; sourceTree = "<group>"; };
		EFE2B4BA2605C327001B8BF1 /* Assets.xcassets */ = {isa = PBXFileReference; lastKnownFileType = folder.assetcatalog; path = Assets.xcassets; sourceTree = "<group>"; };
		EFE2B4BD2605C327001B8BF1 /* Base */ = {isa = PBXFileReference; lastKnownFileType = file.storyboard; name = Base; path = Base.lproj/LaunchScreen.storyboard; sourceTree = "<group>"; };
		EFE2B4BF2605C327001B8BF1 /* Info.plist */ = {isa = PBXFileReference; lastKnownFileType = text.plist.xml; path = Info.plist; sourceTree = "<group>"; };
		EFE2B4C72605C3D0001B8BF1 /* TaskListViewController.swift */ = {isa = PBXFileReference; lastKnownFileType = sourcecode.swift; path = TaskListViewController.swift; sourceTree = "<group>"; };
		EFE2B4CA2605C6CD001B8BF1 /* AddTaskViewController.swift */ = {isa = PBXFileReference; lastKnownFileType = sourcecode.swift; path = AddTaskViewController.swift; sourceTree = "<group>"; };
		EFE2B4CF2605D165001B8BF1 /* Task.swift */ = {isa = PBXFileReference; lastKnownFileType = sourcecode.swift; path = Task.swift; sourceTree = "<group>"; };
/* End PBXFileReference section */

/* Begin PBXFrameworksBuildPhase section */
		EFE2B4AB2605C327001B8BF1 /* Frameworks */ = {
			isa = PBXFrameworksBuildPhase;
			buildActionMask = 2147483647;
			files = (
				7F35CC7819DDDD3484B66808 /* Pods_GoodList.framework in Frameworks */,
			);
			runOnlyForDeploymentPostprocessing = 0;
		};
/* End PBXFrameworksBuildPhase section */

/* Begin PBXGroup section */
		2BEEAEE3D91DA85E902A922E /* Frameworks */ = {
			isa = PBXGroup;
			children = (
				62B06A3CB01770F8B2B2BA8E /* Pods_GoodList.framework */,
			);
			name = Frameworks;
			sourceTree = "<group>";
		};
		853C0A1F80230E9A5FD44FC6 /* Pods */ = {
			isa = PBXGroup;
			children = (
				51C781AC1AA4020F26F62593 /* Pods-GoodList.debug.xcconfig */,
				A68A2CA7F2957A9ECED6037F /* Pods-GoodList.release.xcconfig */,
			);
			name = Pods;
			path = Pods;
			sourceTree = "<group>";
		};
		EFE2B4A52605C327001B8BF1 = {
			isa = PBXGroup;
			children = (
				EFE2B4B02605C327001B8BF1 /* GoodList */,
				EFE2B4AF2605C327001B8BF1 /* Products */,
				853C0A1F80230E9A5FD44FC6 /* Pods */,
				2BEEAEE3D91DA85E902A922E /* Frameworks */,
			);
			sourceTree = "<group>";
		};
		EFE2B4AF2605C327001B8BF1 /* Products */ = {
			isa = PBXGroup;
			children = (
				EFE2B4AE2605C327001B8BF1 /* GoodList.app */,
			);
			name = Products;
			sourceTree = "<group>";
		};
		EFE2B4B02605C327001B8BF1 /* GoodList */ = {
			isa = PBXGroup;
			children = (
				EFE2B4CE2605D156001B8BF1 /* Models */,
				EFE2B4C62605C3BF001B8BF1 /* Controllers */,
				EFE2B4B12605C327001B8BF1 /* AppDelegate.swift */,
				EFE2B4B32605C327001B8BF1 /* SceneDelegate.swift */,
				EFE2B4B52605C327001B8BF1 /* ViewController.swift */,
				EFE2B4B72605C327001B8BF1 /* Main.storyboard */,
				EFE2B4BA2605C327001B8BF1 /* Assets.xcassets */,
				EFE2B4BC2605C327001B8BF1 /* LaunchScreen.storyboard */,
				EFE2B4BF2605C327001B8BF1 /* Info.plist */,
			);
			path = GoodList;
			sourceTree = "<group>";
		};
		EFE2B4C62605C3BF001B8BF1 /* Controllers */ = {
			isa = PBXGroup;
			children = (
				EFE2B4C72605C3D0001B8BF1 /* TaskListViewController.swift */,
				EFE2B4CA2605C6CD001B8BF1 /* AddTaskViewController.swift */,
			);
			path = Controllers;
			sourceTree = "<group>";
		};
		EFE2B4CE2605D156001B8BF1 /* Models */ = {
			isa = PBXGroup;
			children = (
				EFE2B4CF2605D165001B8BF1 /* Task.swift */,
			);
			path = Models;
			sourceTree = "<group>";
		};
/* End PBXGroup section */

/* Begin PBXNativeTarget section */
		EFE2B4AD2605C327001B8BF1 /* GoodList */ = {
			isa = PBXNativeTarget;
			buildConfigurationList = EFE2B4C22605C327001B8BF1 /* Build configuration list for PBXNativeTarget "GoodList" */;
			buildPhases = (
				609D5B5F1B8CF38DD73F17CA /* [CP] Check Pods Manifest.lock */,
				EFE2B4AA2605C327001B8BF1 /* Sources */,
				EFE2B4AB2605C327001B8BF1 /* Frameworks */,
				EFE2B4AC2605C327001B8BF1 /* Resources */,
				C5D3CE9C96B17CB52902B2AE /* [CP] Embed Pods Frameworks */,
			);
			buildRules = (
			);
			dependencies = (
			);
			name = GoodList;
			productName = GoodList;
			productReference = EFE2B4AE2605C327001B8BF1 /* GoodList.app */;
			productType = "com.apple.product-type.application";
		};
/* End PBXNativeTarget section */

/* Begin PBXProject section */
		EFE2B4A62605C327001B8BF1 /* Project object */ = {
			isa = PBXProject;
			attributes = {
				LastSwiftUpdateCheck = 1240;
				LastUpgradeCheck = 1240;
				TargetAttributes = {
					EFE2B4AD2605C327001B8BF1 = {
						CreatedOnToolsVersion = 12.4;
					};
				};
			};
			buildConfigurationList = EFE2B4A92605C327001B8BF1 /* Build configuration list for PBXProject "GoodList" */;
			compatibilityVersion = "Xcode 9.3";
			developmentRegion = en;
			hasScannedForEncodings = 0;
			knownRegions = (
				en,
				Base,
			);
			mainGroup = EFE2B4A52605C327001B8BF1;
			productRefGroup = EFE2B4AF2605C327001B8BF1 /* Products */;
			projectDirPath = "";
			projectRoot = "";
			targets = (
				EFE2B4AD2605C327001B8BF1 /* GoodList */,
			);
		};
/* End PBXProject section */

/* Begin PBXResourcesBuildPhase section */
		EFE2B4AC2605C327001B8BF1 /* Resources */ = {
			isa = PBXResourcesBuildPhase;
			buildActionMask = 2147483647;
			files = (
				EFE2B4BE2605C327001B8BF1 /* LaunchScreen.storyboard in Resources */,
				EFE2B4BB2605C327001B8BF1 /* Assets.xcassets in Resources */,
				EFE2B4B92605C327001B8BF1 /* Main.storyboard in Resources */,
			);
			runOnlyForDeploymentPostprocessing = 0;
		};
/* End PBXResourcesBuildPhase section */

/* Begin PBXShellScriptBuildPhase section */
		609D5B5F1B8CF38DD73F17CA /* [CP] Check Pods Manifest.lock */ = {
			isa = PBXShellScriptBuildPhase;
			buildActionMask = 2147483647;
			files = (
			);
			inputFileListPaths = (
			);
			inputPaths = (
				"${PODS_PODFILE_DIR_PATH}/Podfile.lock",
				"${PODS_ROOT}/Manifest.lock",
			);
			name = "[CP] Check Pods Manifest.lock";
			outputFileListPaths = (
			);
			outputPaths = (
				"$(DERIVED_FILE_DIR)/Pods-GoodList-checkManifestLockResult.txt",
			);
			runOnlyForDeploymentPostprocessing = 0;
			shellPath = /bin/sh;
			shellScript = "diff \"${PODS_PODFILE_DIR_PATH}/Podfile.lock\" \"${PODS_ROOT}/Manifest.lock\" > /dev/null\nif [ $? != 0 ] ; then\n    # print error to STDERR\n    echo \"error: The sandbox is not in sync with the Podfile.lock. Run 'pod install' or update your CocoaPods installation.\" >&2\n    exit 1\nfi\n# This output is used by Xcode 'outputs' to avoid re-running this script phase.\necho \"SUCCESS\" > \"${SCRIPT_OUTPUT_FILE_0}\"\n";
			showEnvVarsInLog = 0;
		};
		C5D3CE9C96B17CB52902B2AE /* [CP] Embed Pods Frameworks */ = {
			isa = PBXShellScriptBuildPhase;
			buildActionMask = 2147483647;
			files = (
			);
			inputFileListPaths = (
				"${PODS_ROOT}/Target Support Files/Pods-GoodList/Pods-GoodList-frameworks-${CONFIGURATION}-input-files.xcfilelist",
			);
			name = "[CP] Embed Pods Frameworks";
			outputFileListPaths = (
				"${PODS_ROOT}/Target Support Files/Pods-GoodList/Pods-GoodList-frameworks-${CONFIGURATION}-output-files.xcfilelist",
			);
			runOnlyForDeploymentPostprocessing = 0;
			shellPath = /bin/sh;
			shellScript = "\"${PODS_ROOT}/Target Support Files/Pods-GoodList/Pods-GoodList-frameworks.sh\"\n";
			showEnvVarsInLog = 0;
		};
/* End PBXShellScriptBuildPhase section */

/* Begin PBXSourcesBuildPhase section */
		EFE2B4AA2605C327001B8BF1 /* Sources */ = {
			isa = PBXSourcesBuildPhase;
			buildActionMask = 2147483647;
			files = (
				EFE2B4B62605C327001B8BF1 /* ViewController.swift in Sources */,
				EFE2B4C82605C3D0001B8BF1 /* TaskListViewController.swift in Sources */,
				EFE2B4B22605C327001B8BF1 /* AppDelegate.swift in Sources */,
				EFE2B4B42605C327001B8BF1 /* SceneDelegate.swift in Sources */,
				EFE2B4D02605D165001B8BF1 /* Task.swift in Sources */,
				EFE2B4CB2605C6CD001B8BF1 /* AddTaskViewController.swift in Sources */,
			);
			runOnlyForDeploymentPostprocessing = 0;
		};
/* End PBXSourcesBuildPhase section */

/* Begin PBXVariantGroup section */
		EFE2B4B72605C327001B8BF1 /* Main.storyboard */ = {
			isa = PBXVariantGroup;
			children = (
				EFE2B4B82605C327001B8BF1 /* Base */,
			);
			name = Main.storyboard;
			sourceTree = "<group>";
		};
		EFE2B4BC2605C327001B8BF1 /* LaunchScreen.storyboard */ = {
			isa = PBXVariantGroup;
			children = (
				EFE2B4BD2605C327001B8BF1 /* Base */,
			);
			name = LaunchScreen.storyboard;
			sourceTree = "<group>";
		};
/* End PBXVariantGroup section */

/* Begin XCBuildConfiguration section */
		EFE2B4C02605C327001B8BF1 /* Debug */ = {
			isa = XCBuildConfiguration;
			buildSettings = {
				ALWAYS_SEARCH_USER_PATHS = NO;
				CLANG_ANALYZER_NONNULL = YES;
				CLANG_ANALYZER_NUMBER_OBJECT_CONVERSION = YES_AGGRESSIVE;
				CLANG_CXX_LANGUAGE_STANDARD = "gnu++14";
				CLANG_CXX_LIBRARY = "libc++";
				CLANG_ENABLE_MODULES = YES;
				CLANG_ENABLE_OBJC_ARC = YES;
				CLANG_ENABLE_OBJC_WEAK = YES;
				CLANG_WARN_BLOCK_CAPTURE_AUTORELEASING = YES;
				CLANG_WARN_BOOL_CONVERSION = YES;
				CLANG_WARN_COMMA = YES;
				CLANG_WARN_CONSTANT_CONVERSION = YES;
				CLANG_WARN_DEPRECATED_OBJC_IMPLEMENTATIONS = YES;
				CLANG_WARN_DIRECT_OBJC_ISA_USAGE = YES_ERROR;
				CLANG_WARN_DOCUMENTATION_COMMENTS = YES;
				CLANG_WARN_EMPTY_BODY = YES;
				CLANG_WARN_ENUM_CONVERSION = YES;
				CLANG_WARN_INFINITE_RECURSION = YES;
				CLANG_WARN_INT_CONVERSION = YES;
				CLANG_WARN_NON_LITERAL_NULL_CONVERSION = YES;
				CLANG_WARN_OBJC_IMPLICIT_RETAIN_SELF = YES;
				CLANG_WARN_OBJC_LITERAL_CONVERSION = YES;
				CLANG_WARN_OBJC_ROOT_CLASS = YES_ERROR;
				CLANG_WARN_QUOTED_INCLUDE_IN_FRAMEWORK_HEADER = YES;
				CLANG_WARN_RANGE_LOOP_ANALYSIS = YES;
				CLANG_WARN_STRICT_PROTOTYPES = YES;
				CLANG_WARN_SUSPICIOUS_MOVE = YES;
				CLANG_WARN_UNGUARDED_AVAILABILITY = YES_AGGRESSIVE;
				CLANG_WARN_UNREACHABLE_CODE = YES;
				CLANG_WARN__DUPLICATE_METHOD_MATCH = YES;
				COPY_PHASE_STRIP = NO;
				DEBUG_INFORMATION_FORMAT = dwarf;
				ENABLE_STRICT_OBJC_MSGSEND = YES;
				ENABLE_TESTABILITY = YES;
				GCC_C_LANGUAGE_STANDARD = gnu11;
				GCC_DYNAMIC_NO_PIC = NO;
				GCC_NO_COMMON_BLOCKS = YES;
				GCC_OPTIMIZATION_LEVEL = 0;
				GCC_PREPROCESSOR_DEFINITIONS = (
					"DEBUG=1",
					"$(inherited)",
				);
				GCC_WARN_64_TO_32_BIT_CONVERSION = YES;
				GCC_WARN_ABOUT_RETURN_TYPE = YES_ERROR;
				GCC_WARN_UNDECLARED_SELECTOR = YES;
				GCC_WARN_UNINITIALIZED_AUTOS = YES_AGGRESSIVE;
				GCC_WARN_UNUSED_FUNCTION = YES;
				GCC_WARN_UNUSED_VARIABLE = YES;
				IPHONEOS_DEPLOYMENT_TARGET = 14.4;
				MTL_ENABLE_DEBUG_INFO = INCLUDE_SOURCE;
				MTL_FAST_MATH = YES;
				ONLY_ACTIVE_ARCH = YES;
				SDKROOT = iphoneos;
				SWIFT_ACTIVE_COMPILATION_CONDITIONS = DEBUG;
				SWIFT_OPTIMIZATION_LEVEL = "-Onone";
			};
			name = Debug;
		};
		EFE2B4C12605C327001B8BF1 /* Release */ = {
			isa = XCBuildConfiguration;
			buildSettings = {
				ALWAYS_SEARCH_USER_PATHS = NO;
				CLANG_ANALYZER_NONNULL = YES;
				CLANG_ANALYZER_NUMBER_OBJECT_CONVERSION = YES_AGGRESSIVE;
				CLANG_CXX_LANGUAGE_STANDARD = "gnu++14";
				CLANG_CXX_LIBRARY = "libc++";
				CLANG_ENABLE_MODULES = YES;
				CLANG_ENABLE_OBJC_ARC = YES;
				CLANG_ENABLE_OBJC_WEAK = YES;
				CLANG_WARN_BLOCK_CAPTURE_AUTORELEASING = YES;
				CLANG_WARN_BOOL_CONVERSION = YES;
				CLANG_WARN_COMMA = YES;
				CLANG_WARN_CONSTANT_CONVERSION = YES;
				CLANG_WARN_DEPRECATED_OBJC_IMPLEMENTATIONS = YES;
				CLANG_WARN_DIRECT_OBJC_ISA_USAGE = YES_ERROR;
				CLANG_WARN_DOCUMENTATION_COMMENTS = YES;
				CLANG_WARN_EMPTY_BODY = YES;
				CLANG_WARN_ENUM_CONVERSION = YES;
				CLANG_WARN_INFINITE_RECURSION = YES;
				CLANG_WARN_INT_CONVERSION = YES;
				CLANG_WARN_NON_LITERAL_NULL_CONVERSION = YES;
				CLANG_WARN_OBJC_IMPLICIT_RETAIN_SELF = YES;
				CLANG_WARN_OBJC_LITERAL_CONVERSION = YES;
				CLANG_WARN_OBJC_ROOT_CLASS = YES_ERROR;
				CLANG_WARN_QUOTED_INCLUDE_IN_FRAMEWORK_HEADER = YES;
				CLANG_WARN_RANGE_LOOP_ANALYSIS = YES;
				CLANG_WARN_STRICT_PROTOTYPES = YES;
				CLANG_WARN_SUSPICIOUS_MOVE = YES;
				CLANG_WARN_UNGUARDED_AVAILABILITY = YES_AGGRESSIVE;
				CLANG_WARN_UNREACHABLE_CODE = YES;
				CLANG_WARN__DUPLICATE_METHOD_MATCH = YES;
				COPY_PHASE_STRIP = NO;
				DEBUG_INFORMATION_FORMAT = "dwarf-with-dsym";
				ENABLE_NS_ASSERTIONS = NO;
				ENABLE_STRICT_OBJC_MSGSEND = YES;
				GCC_C_LANGUAGE_STANDARD = gnu11;
				GCC_NO_COMMON_BLOCKS = YES;
				GCC_WARN_64_TO_32_BIT_CONVERSION = YES;
				GCC_WARN_ABOUT_RETURN_TYPE = YES_ERROR;
				GCC_WARN_UNDECLARED_SELECTOR = YES;
				GCC_WARN_UNINITIALIZED_AUTOS = YES_AGGRESSIVE;
				GCC_WARN_UNUSED_FUNCTION = YES;
				GCC_WARN_UNUSED_VARIABLE = YES;
				IPHONEOS_DEPLOYMENT_TARGET = 14.4;
				MTL_ENABLE_DEBUG_INFO = NO;
				MTL_FAST_MATH = YES;
				SDKROOT = iphoneos;
				SWIFT_COMPILATION_MODE = wholemodule;
				SWIFT_OPTIMIZATION_LEVEL = "-O";
				VALIDATE_PRODUCT = YES;
			};
			name = Release;
		};
		EFE2B4C32605C327001B8BF1 /* Debug */ = {
			isa = XCBuildConfiguration;
			baseConfigurationReference = 51C781AC1AA4020F26F62593 /* Pods-GoodList.debug.xcconfig */;
			buildSettings = {
				ASSETCATALOG_COMPILER_APPICON_NAME = AppIcon;
				ASSETCATALOG_COMPILER_GLOBAL_ACCENT_COLOR_NAME = AccentColor;
				CODE_SIGN_STYLE = Automatic;
				DEVELOPMENT_TEAM = W2BDQRSF4K;
				INFOPLIST_FILE = GoodList/Info.plist;
				LD_RUNPATH_SEARCH_PATHS = (
					"$(inherited)",
					"@executable_path/Frameworks",
				);
				PRODUCT_BUNDLE_IDENTIFIER = awislabs.com.GoodList;
				PRODUCT_NAME = "$(TARGET_NAME)";
				SWIFT_VERSION = 5.0;
				TARGETED_DEVICE_FAMILY = "1,2";
			};
			name = Debug;
		};
		EFE2B4C42605C327001B8BF1 /* Release */ = {
			isa = XCBuildConfiguration;
			baseConfigurationReference = A68A2CA7F2957A9ECED6037F /* Pods-GoodList.release.xcconfig */;
			buildSettings = {
				ASSETCATALOG_COMPILER_APPICON_NAME = AppIcon;
				ASSETCATALOG_COMPILER_GLOBAL_ACCENT_COLOR_NAME = AccentColor;
				CODE_SIGN_STYLE = Automatic;
				DEVELOPMENT_TEAM = W2BDQRSF4K;
				INFOPLIST_FILE = GoodList/Info.plist;
				LD_RUNPATH_SEARCH_PATHS = (
					"$(inherited)",
					"@executable_path/Frameworks",
				);
				PRODUCT_BUNDLE_IDENTIFIER = awislabs.com.GoodList;
				PRODUCT_NAME = "$(TARGET_NAME)";
				SWIFT_VERSION = 5.0;
				TARGETED_DEVICE_FAMILY = "1,2";
			};
			name = Release;
		};
/* End XCBuildConfiguration section */

/* Begin XCConfigurationList section */
		EFE2B4A92605C327001B8BF1 /* Build configuration list for PBXProject "GoodList" */ = {
			isa = XCConfigurationList;
			buildConfigurations = (
				EFE2B4C02605C327001B8BF1 /* Debug */,
				EFE2B4C12605C327001B8BF1 /* Release */,
			);
			defaultConfigurationIsVisible = 0;
			defaultConfigurationName = Release;
		};
		EFE2B4C22605C327001B8BF1 /* Build configuration list for PBXNativeTarget "GoodList" */ = {
			isa = XCConfigurationList;
			buildConfigurations = (
				EFE2B4C32605C327001B8BF1 /* Debug */,
				EFE2B4C42605C327001B8BF1 /* Release */,
			);
			defaultConfigurationIsVisible = 0;
			defaultConfigurationName = Release;
		};
/* End XCConfigurationList section */
	};
	rootObject = EFE2B4A62605C327001B8BF1 /* Project object */;
}
